
Microsoft Visual Studio Solution File, Format Version 12.00
# Visual Studio 15
VisualStudioVersion = 15.0.28010.2026
MinimumVisualStudioVersion = 10.0.40219.1
Project("{FAE04EC0-301F-11D3-BF4B-00C04F79EFBC}") = "WebApplication1", "WebApplication1\WebApplication1.csproj", "{59AEF9C1-C07D-49E2-A2DD-3D87EA413443}"
EndProject
Project("{FAE04EC0-301F-11D3-BF4B-00C04F79EFBC}") = "WebApplication1.Tests", "WebApplication1.Tests\WebApplication1.Tests.csproj", "{1BEC81F5-D2C7-4045-8DAB-A8951F931327}"
EndProject
Global
	GlobalSection(SolutionConfigurationPlatforms) = preSolution
		Debug|Any CPU = Debug|Any CPU
		Release|Any CPU = Release|Any CPU
	EndGlobalSection
	GlobalSection(ProjectConfigurationPlatforms) = postSolution
		{59AEF9C1-C07D-49E2-A2DD-3D87EA413443}.Debug|Any CPU.ActiveCfg = Debug|Any CPU
		{59AEF9C1-C07D-49E2-A2DD-3D87EA413443}.Debug|Any CPU.Build.0 = Debug|Any CPU
		{59AEF9C1-C07D-49E2-A2DD-3D87EA413443}.Release|Any CPU.ActiveCfg = Release|Any CPU
		{59AEF9C1-C07D-49E2-A2DD-3D87EA413443}.Release|Any CPU.Build.0 = Release|Any CPU
		{1BEC81F5-D2C7-4045-8DAB-A8951F931327}.Debug|Any CPU.ActiveCfg = Debug|Any CPU
		{1BEC81F5-D2C7-4045-8DAB-A8951F931327}.Debug|Any CPU.Build.0 = Debug|Any CPU
		{1BEC81F5-D2C7-4045-8DAB-A8951F931327}.Release|Any CPU.ActiveCfg = Release|Any CPU
		{1BEC81F5-D2C7-4045-8DAB-A8951F931327}.Release|Any CPU.Build.0 = Release|Any CPU
	EndGlobalSection
	GlobalSection(SolutionProperties) = preSolution
		HideSolutionNode = FALSE
	EndGlobalSection
	GlobalSection(ExtensibilityGlobals) = postSolution
		SolutionGuid = {78117250-6FCA-4489-A330-2589BEEC5314}
	EndGlobalSection
EndGlobal
